
Microsoft Visual Studio Solution File, Format Version 12.00
# Visual Studio Version 16
VisualStudioVersion = 16.0.29020.237
MinimumVisualStudioVersion = 10.0.40219.1
Project("{FAE04EC0-301F-11D3-BF4B-00C04F79EFBC}") = "Chapter07TryOut02", "Chapter07TryOut02\Chapter07TryOut02.csproj", "{8415507F-23CA-4F2F-803D-FAC10BB67018}"
EndProject
Global
	GlobalSection(SolutionConfigurationPlatforms) = preSolution
		Debug|Any CPU = Debug|Any CPU
		Release|Any CPU = Release|Any CPU
	EndGlobalSection
	GlobalSection(ProjectConfigurationPlatforms) = postSolution
		{8415507F-23CA-4F2F-803D-FAC10BB67018}.Debug|Any CPU.ActiveCfg = Debug|Any CPU
		{8415507F-23CA-4F2F-803D-FAC10BB67018}.Debug|Any CPU.Build.0 = Debug|Any CPU
		{8415507F-23CA-4F2F-803D-FAC10BB67018}.Release|Any CPU.ActiveCfg = Release|Any CPU
		{8415507F-23CA-4F2F-803D-FAC10BB67018}.Release|Any CPU.Build.0 = Release|Any CPU
	EndGlobalSection
	GlobalSection(SolutionProperties) = preSolution
		HideSolutionNode = FALSE
	EndGlobalSection
	GlobalSection(ExtensibilityGlobals) = postSolution
		SolutionGuid = {EB8C4372-1D08-40D6-BCEF-FD7AE986DABA}
	EndGlobalSection
EndGlobal
